
Microsoft Visual Studio Solution File, Format Version 12.00
# Visual Studio Version 16
VisualStudioVersion = 16.0.29728.190
MinimumVisualStudioVersion = 10.0.40219.1
Project("{9A19103F-16F7-4668-BE54-9A1E7A4F7556}") = "WebservicesIntegrationTests", "WebservicesIntegrationTests\WebservicesIntegrationTests.csproj", "{E27B3A89-A1A0-4B5E-BF28-43041DF951EC}"
EndProject
Project("{2150E333-8FDC-42A3-9474-1A3956D46DE8}") = "Files", "Files", "{990D9450-1F45-4B8C-BE68-0232CD800023}"
	ProjectSection(SolutionItems) = preProject
		..\.gitignore = ..\.gitignore
		..\LICENSE = ..\LICENSE
		..\Nuget.Config = ..\Nuget.Config
		..\README.md = ..\README.md
	EndProjectSection
EndProject
Global
	GlobalSection(SolutionConfigurationPlatforms) = preSolution
		Debug|Any CPU = Debug|Any CPU
		Release|Any CPU = Release|Any CPU
	EndGlobalSection
	GlobalSection(ProjectConfigurationPlatforms) = postSolution
		{E27B3A89-A1A0-4B5E-BF28-43041DF951EC}.Debug|Any CPU.ActiveCfg = Debug|Any CPU
		{E27B3A89-A1A0-4B5E-BF28-43041DF951EC}.Debug|Any CPU.Build.0 = Debug|Any CPU
		{E27B3A89-A1A0-4B5E-BF28-43041DF951EC}.Release|Any CPU.ActiveCfg = Release|Any CPU
		{E27B3A89-A1A0-4B5E-BF28-43041DF951EC}.Release|Any CPU.Build.0 = Release|Any CPU
	EndGlobalSection
	GlobalSection(SolutionProperties) = preSolution
		HideSolutionNode = FALSE
	EndGlobalSection
	GlobalSection(ExtensibilityGlobals) = postSolution
		SolutionGuid = {DAF64B4A-8BB5-4D46-A09A-E935330C5628}
	EndGlobalSection
EndGlobal
